// !$*UTF8*$!
{
	archiveVersion = 1;
	classes = {
	};
	objectVersion = 46;
	objects = {

/* Begin PBXBuildFile section */
		2EC469661B128446006002F6 /* Slot.swift in Sources */ = {isa = PBXBuildFile; fileRef = 2EC469651B128446006002F6 /* Slot.swift */; };
		2EC469681B1288B7006002F6 /* Factory.swift in Sources */ = {isa = PBXBuildFile; fileRef = 2EC469671B1288B7006002F6 /* Factory.swift */; };
		2EC4696A1B12D395006002F6 /* SlotBrain.swift in Sources */ = {isa = PBXBuildFile; fileRef = 2EC469691B12D395006002F6 /* SlotBrain.swift */; };
		2EE290991B0573AA003BCD3E /* AppDelegate.swift in Sources */ = {isa = PBXBuildFile; fileRef = 2EE290981B0573AA003BCD3E /* AppDelegate.swift */; };
		2EE2909B1B0573AA003BCD3E /* ViewController.swift in Sources */ = {isa = PBXBuildFile; fileRef = 2EE2909A1B0573AA003BCD3E /* ViewController.swift */; };
		2EE2909E1B0573AA003BCD3E /* Main.storyboard in Resources */ = {isa = PBXBuildFile; fileRef = 2EE2909C1B0573AA003BCD3E /* Main.storyboard */; };
		2EE290A01B0573AA003BCD3E /* Images.xcassets in Resources */ = {isa = PBXBuildFile; fileRef = 2EE2909F1B0573AA003BCD3E /* Images.xcassets */; };
		2EE290A31B0573AA003BCD3E /* LaunchScreen.xib in Resources */ = {isa = PBXBuildFile; fileRef = 2EE290A11B0573AA003BCD3E /* LaunchScreen.xib */; };
		2EE290AF1B0573AA003BCD3E /* SlotMachineTests.swift in Sources */ = {isa = PBXBuildFile; fileRef = 2EE290AE1B0573AA003BCD3E /* SlotMachineTests.swift */; };
/* End PBXBuildFile section */

/* Begin PBXContainerItemProxy section */
		2EE290A91B0573AA003BCD3E /* PBXContainerItemProxy */ = {
			isa = PBXContainerItemProxy;
			containerPortal = 2EE2908B1B0573AA003BCD3E /* Project object */;
			proxyType = 1;
			remoteGlobalIDString = 2EE290921B0573AA003BCD3E;
			remoteInfo = SlotMachine;
		};
/* End PBXContainerItemProxy section */

/* Begin PBXFileReference section */
		2EC469651B128446006002F6 /* Slot.swift */ = {isa = PBXFileReference; fileEncoding = 4; lastKnownFileType = sourcecode.swift; path = Slot.swift; sourceTree = "<group>"; };
		2EC469671B1288B7006002F6 /* Factory.swift */ = {isa = PBXFileReference; fileEncoding = 4; lastKnownFileType = sourcecode.swift; path = Factory.swift; sourceTree = "<group>"; };
		2EC469691B12D395006002F6 /* SlotBrain.swift */ = {isa = PBXFileReference; fileEncoding = 4; lastKnownFileType = sourcecode.swift; path = SlotBrain.swift; sourceTree = "<group>"; };
		2EE290931B0573AA003BCD3E /* SlotMachine.app */ = {isa = PBXFileReference; explicitFileType = wrapper.application; includeInIndex = 0; path = SlotMachine.app; sourceTree = BUILT_PRODUCTS_DIR; };
		2EE290971B0573AA003BCD3E /* Info.plist */ = {isa = PBXFileReference; lastKnownFileType = text.plist.xml; path = Info.plist; sourceTree = "<group>"; };
		2EE290981B0573AA003BCD3E /* AppDelegate.swift */ = {isa = PBXFileReference; lastKnownFileType = sourcecode.swift; path = AppDelegate.swift; sourceTree = "<group>"; };
		2EE2909A1B0573AA003BCD3E /* ViewController.swift */ = {isa = PBXFileReference; lastKnownFileType = sourcecode.swift; path = ViewController.swift; sourceTree = "<group>"; };
		2EE2909D1B0573AA003BCD3E /* Base */ = {isa = PBXFileReference; lastKnownFileType = file.storyboard; name = Base; path = Base.lproj/Main.storyboard; sourceTree = "<group>"; };
		2EE2909F1B0573AA003BCD3E /* Images.xcassets */ = {isa = PBXFileReference; lastKnownFileType = folder.assetcatalog; path = Images.xcassets; sourceTree = "<group>"; };
		2EE290A21B0573AA003BCD3E /* Base */ = {isa = PBXFileReference; lastKnownFileType = file.xib; name = Base; path = Base.lproj/LaunchScreen.xib; sourceTree = "<group>"; };
		2EE290A81B0573AA003BCD3E /* SlotMachineTests.xctest */ = {isa = PBXFileReference; explicitFileType = wrapper.cfbundle; includeInIndex = 0; path = SlotMachineTests.xctest; sourceTree = BUILT_PRODUCTS_DIR; };
		2EE290AD1B0573AA003BCD3E /* Info.plist */ = {isa = PBXFileReference; lastKnownFileType = text.plist.xml; path = Info.plist; sourceTree = "<group>"; };
		2EE290AE1B0573AA003BCD3E /* SlotMachineTests.swift */ = {isa = PBXFileReference; lastKnownFileType = sourcecode.swift; path = SlotMachineTests.swift; sourceTree = "<group>"; };
/* End PBXFileReference section */

/* Begin PBXFrameworksBuildPhase section */
		2EE290901B0573AA003BCD3E /* Frameworks */ = {
			isa = PBXFrameworksBuildPhase;
			buildActionMask = 2147483647;
			files = (
			);
			runOnlyForDeploymentPostprocessing = 0;
		};
		2EE290A51B0573AA003BCD3E /* Frameworks */ = {
			isa = PBXFrameworksBuildPhase;
			buildActionMask = 2147483647;
			files = (
			);
			runOnlyForDeploymentPostprocessing = 0;
		};
/* End PBXFrameworksBuildPhase section */

/* Begin PBXGroup section */
		2EE2908A1B0573AA003BCD3E = {
			isa = PBXGroup;
			children = (
				2EE290951B0573AA003BCD3E /* SlotMachine */,
				2EE290AB1B0573AA003BCD3E /* SlotMachineTests */,
				2EE290941B0573AA003BCD3E /* Products */,
			);
			sourceTree = "<group>";
		};
		2EE290941B0573AA003BCD3E /* Products */ = {
			isa = PBXGroup;
			children = (
				2EE290931B0573AA003BCD3E /* SlotMachine.app */,
				2EE290A81B0573AA003BCD3E /* SlotMachineTests.xctest */,
			);
			name = Products;
			sourceTree = "<group>";
		};
		2EE290951B0573AA003BCD3E /* SlotMachine */ = {
			isa = PBXGroup;
			children = (
				2EE290981B0573AA003BCD3E /* AppDelegate.swift */,
				2EE2909A1B0573AA003BCD3E /* ViewController.swift */,
				2EC469691B12D395006002F6 /* SlotBrain.swift */,
				2EC469651B128446006002F6 /* Slot.swift */,
				2EE2909C1B0573AA003BCD3E /* Main.storyboard */,
				2EE2909F1B0573AA003BCD3E /* Images.xcassets */,
				2EC469671B1288B7006002F6 /* Factory.swift */,
				2EE290A11B0573AA003BCD3E /* LaunchScreen.xib */,
				2EE290961B0573AA003BCD3E /* Supporting Files */,
			);
			path = SlotMachine;
			sourceTree = "<group>";
		};
		2EE290961B0573AA003BCD3E /* Supporting Files */ = {
			isa = PBXGroup;
			children = (
				2EE290971B0573AA003BCD3E /* Info.plist */,
			);
			name = "Supporting Files";
			sourceTree = "<group>";
		};
		2EE290AB1B0573AA003BCD3E /* SlotMachineTests */ = {
			isa = PBXGroup;
			children = (
				2EE290AE1B0573AA003BCD3E /* SlotMachineTests.swift */,
				2EE290AC1B0573AA003BCD3E /* Supporting Files */,
			);
			path = SlotMachineTests;
			sourceTree = "<group>";
		};
		2EE290AC1B0573AA003BCD3E /* Supporting Files */ = {
			isa = PBXGroup;
			children = (
				2EE290AD1B0573AA003BCD3E /* Info.plist */,
			);
			name = "Supporting Files";
			sourceTree = "<group>";
		};
/* End PBXGroup section */

/* Begin PBXNativeTarget section */
		2EE290921B0573AA003BCD3E /* SlotMachine */ = {
			isa = PBXNativeTarget;
			buildConfigurationList = 2EE290B21B0573AA003BCD3E /* Build configuration list for PBXNativeTarget "SlotMachine" */;
			buildPhases = (
				2EE2908F1B0573AA003BCD3E /* Sources */,
				2EE290901B0573AA003BCD3E /* Frameworks */,
				2EE290911B0573AA003BCD3E /* Resources */,
			);
			buildRules = (
			);
			dependencies = (
			);
			name = SlotMachine;
			productName = SlotMachine;
			productReference = 2EE290931B0573AA003BCD3E /* SlotMachine.app */;
			productType = "com.apple.product-type.application";
		};
		2EE290A71B0573AA003BCD3E /* SlotMachineTests */ = {
			isa = PBXNativeTarget;
			buildConfigurationList = 2EE290B51B0573AA003BCD3E /* Build configuration list for PBXNativeTarget "SlotMachineTests" */;
			buildPhases = (
				2EE290A41B0573AA003BCD3E /* Sources */,
				2EE290A51B0573AA003BCD3E /* Frameworks */,
				2EE290A61B0573AA003BCD3E /* Resources */,
			);
			buildRules = (
			);
			dependencies = (
				2EE290AA1B0573AA003BCD3E /* PBXTargetDependency */,
			);
			name = SlotMachineTests;
			productName = SlotMachineTests;
			productReference = 2EE290A81B0573AA003BCD3E /* SlotMachineTests.xctest */;
			productType = "com.apple.product-type.bundle.unit-test";
		};
/* End PBXNativeTarget section */

/* Begin PBXProject section */
		2EE2908B1B0573AA003BCD3E /* Project object */ = {
			isa = PBXProject;
			attributes = {
				LastUpgradeCheck = 0630;
				ORGANIZATIONNAME = "Ryan Jones";
				TargetAttributes = {
					2EE290921B0573AA003BCD3E = {
						CreatedOnToolsVersion = 6.3.1;
					};
					2EE290A71B0573AA003BCD3E = {
						CreatedOnToolsVersion = 6.3.1;
						TestTargetID = 2EE290921B0573AA003BCD3E;
					};
				};
			};
			buildConfigurationList = 2EE2908E1B0573AA003BCD3E /* Build configuration list for PBXProject "SlotMachine" */;
			compatibilityVersion = "Xcode 3.2";
			developmentRegion = English;
			hasScannedForEncodings = 0;
			knownRegions = (
				en,
				Base,
			);
			mainGroup = 2EE2908A1B0573AA003BCD3E;
			productRefGroup = 2EE290941B0573AA003BCD3E /* Products */;
			projectDirPath = "";
			projectRoot = "";
			targets = (
				2EE290921B0573AA003BCD3E /* SlotMachine */,
				2EE290A71B0573AA003BCD3E /* SlotMachineTests */,
			);
		};
/* End PBXProject section */

/* Begin PBXResourcesBuildPhase section */
		2EE290911B0573AA003BCD3E /* Resources */ = {
			isa = PBXResourcesBuildPhase;
			buildActionMask = 2147483647;
			files = (
				2EE2909E1B0573AA003BCD3E /* Main.storyboard in Resources */,
				2EE290A31B0573AA003BCD3E /* LaunchScreen.xib in Resources */,
				2EE290A01B0573AA003BCD3E /* Images.xcassets in Resources */,
			);
			runOnlyForDeploymentPostprocessing = 0;
		};
		2EE290A61B0573AA003BCD3E /* Resources */ = {
			isa = PBXResourcesBuildPhase;
			buildActionMask = 2147483647;
			files = (
			);
			runOnlyForDeploymentPostprocessing = 0;
		};
/* End PBXResourcesBuildPhase section */

/* Begin PBXSourcesBuildPhase section */
		2EE2908F1B0573AA003BCD3E /* Sources */ = {
			isa = PBXSourcesBuildPhase;
			buildActionMask = 2147483647;
			files = (
				2EC469681B1288B7006002F6 /* Factory.swift in Sources */,
				2EE2909B1B0573AA003BCD3E /* ViewController.swift in Sources */,
				2EC469661B128446006002F6 /* Slot.swift in Sources */,
				2EE290991B0573AA003BCD3E /* AppDelegate.swift in Sources */,
				2EC4696A1B12D395006002F6 /* SlotBrain.swift in Sources */,
			);
			runOnlyForDeploymentPostprocessing = 0;
		};
		2EE290A41B0573AA003BCD3E /* Sources */ = {
			isa = PBXSourcesBuildPhase;
			buildActionMask = 2147483647;
			files = (
				2EE290AF1B0573AA003BCD3E /* SlotMachineTests.swift in Sources */,
			);
			runOnlyForDeploymentPostprocessing = 0;
		};
/* End PBXSourcesBuildPhase section */

/* Begin PBXTargetDependency section */
		2EE290AA1B0573AA003BCD3E /* PBXTargetDependency */ = {
			isa = PBXTargetDependency;
			target = 2EE290921B0573AA003BCD3E /* SlotMachine */;
			targetProxy = 2EE290A91B0573AA003BCD3E /* PBXContainerItemProxy */;
		};
/* End PBXTargetDependency section */

/* Begin PBXVariantGroup section */
		2EE2909C1B0573AA003BCD3E /* Main.storyboard */ = {
			isa = PBXVariantGroup;
			children = (
				2EE2909D1B0573AA003BCD3E /* Base */,
			);
			name = Main.storyboard;
			sourceTree = "<group>";
		};
		2EE290A11B0573AA003BCD3E /* LaunchScreen.xib */ = {
			isa = PBXVariantGroup;
			children = (
				2EE290A21B0573AA003BCD3E /* Base */,
			);
			name = LaunchScreen.xib;
			sourceTree = "<group>";
		};
/* End PBXVariantGroup section */

/* Begin XCBuildConfiguration section */
		2EE290B01B0573AA003BCD3E /* Debug */ = {
			isa = XCBuildConfiguration;
			buildSettings = {
				ALWAYS_SEARCH_USER_PATHS = NO;
				CLANG_CXX_LANGUAGE_STANDARD = "gnu++0x";
				CLANG_CXX_LIBRARY = "libc++";
				CLANG_ENABLE_MODULES = YES;
				CLANG_ENABLE_OBJC_ARC = YES;
				CLANG_WARN_BOOL_CONVERSION = YES;
				CLANG_WARN_CONSTANT_CONVERSION = YES;
				CLANG_WARN_DIRECT_OBJC_ISA_USAGE = YES_ERROR;
				CLANG_WARN_EMPTY_BODY = YES;
				CLANG_WARN_ENUM_CONVERSION = YES;
				CLANG_WARN_INT_CONVERSION = YES;
				CLANG_WARN_OBJC_ROOT_CLASS = YES_ERROR;
				CLANG_WARN_UNREACHABLE_CODE = YES;
				CLANG_WARN__DUPLICATE_METHOD_MATCH = YES;
				"CODE_SIGN_IDENTITY[sdk=iphoneos*]" = "iPhone Developer";
				COPY_PHASE_STRIP = NO;
				DEBUG_INFORMATION_FORMAT = "dwarf-with-dsym";
				ENABLE_STRICT_OBJC_MSGSEND = YES;
				GCC_C_LANGUAGE_STANDARD = gnu99;
				GCC_DYNAMIC_NO_PIC = NO;
				GCC_NO_COMMON_BLOCKS = YES;
				GCC_OPTIMIZATION_LEVEL = 0;
				GCC_PREPROCESSOR_DEFINITIONS = (
					"DEBUG=1",
					"$(inherited)",
				);
				GCC_SYMBOLS_PRIVATE_EXTERN = NO;
				GCC_WARN_64_TO_32_BIT_CONVERSION = YES;
				GCC_WARN_ABOUT_RETURN_TYPE = YES_ERROR;
				GCC_WARN_UNDECLARED_SELECTOR = YES;
				GCC_WARN_UNINITIALIZED_AUTOS = YES_AGGRESSIVE;
				GCC_WARN_UNUSED_FUNCTION = YES;
				GCC_WARN_UNUSED_VARIABLE = YES;
				IPHONEOS_DEPLOYMENT_TARGET = 8.3;
				MTL_ENABLE_DEBUG_INFO = YES;
				ONLY_ACTIVE_ARCH = YES;
				SDKROOT = iphoneos;
				SWIFT_OPTIMIZATION_LEVEL = "-Onone";
				TARGETED_DEVICE_FAMILY = "1,2";
			};
			name = Debug;
		};
		2EE290B11B0573AA003BCD3E /* Release */ = {
			isa = XCBuildConfiguration;
			buildSettings = {
				ALWAYS_SEARCH_USER_PATHS = NO;
				CLANG_CXX_LANGUAGE_STANDARD = "gnu++0x";
				CLANG_CXX_LIBRARY = "libc++";
				CLANG_ENABLE_MODULES = YES;
				CLANG_ENABLE_OBJC_ARC = YES;
				CLANG_WARN_BOOL_CONVERSION = YES;
				CLANG_WARN_CONSTANT_CONVERSION = YES;
				CLANG_WARN_DIRECT_OBJC_ISA_USAGE = YES_ERROR;
				CLANG_WARN_EMPTY_BODY = YES;
				CLANG_WARN_ENUM_CONVERSION = YES;
				CLANG_WARN_INT_CONVERSION = YES;
				CLANG_WARN_OBJC_ROOT_CLASS = YES_ERROR;
				CLANG_WARN_UNREACHABLE_CODE = YES;
				CLANG_WARN__DUPLICATE_METHOD_MATCH = YES;
				"CODE_SIGN_IDENTITY[sdk=iphoneos*]" = "iPhone Developer";
				COPY_PHASE_STRIP = NO;
				DEBUG_INFORMATION_FORMAT = "dwarf-with-dsym";
				ENABLE_NS_ASSERTIONS = NO;
				ENABLE_STRICT_OBJC_MSGSEND = YES;
				GCC_C_LANGUAGE_STANDARD = gnu99;
				GCC_NO_COMMON_BLOCKS = YES;
				GCC_WARN_64_TO_32_BIT_CONVERSION = YES;
				GCC_WARN_ABOUT_RETURN_TYPE = YES_ERROR;
				GCC_WARN_UNDECLARED_SELECTOR = YES;
				GCC_WARN_UNINITIALIZED_AUTOS = YES_AGGRESSIVE;
				GCC_WARN_UNUSED_FUNCTION = YES;
				GCC_WARN_UNUSED_VARIABLE = YES;
				IPHONEOS_DEPLOYMENT_TARGET = 8.3;
				MTL_ENABLE_DEBUG_INFO = NO;
				SDKROOT = iphoneos;
				TARGETED_DEVICE_FAMILY = "1,2";
				VALIDATE_PRODUCT = YES;
			};
			name = Release;
		};
		2EE290B31B0573AA003BCD3E /* Debug */ = {
			isa = XCBuildConfiguration;
			buildSettings = {
				ASSETCATALOG_COMPILER_APPICON_NAME = AppIcon;
				INFOPLIST_FILE = SlotMachine/Info.plist;
				LD_RUNPATH_SEARCH_PATHS = "$(inherited) @executable_path/Frameworks";
				PRODUCT_NAME = "$(TARGET_NAME)";
			};
			name = Debug;
		};
		2EE290B41B0573AA003BCD3E /* Release */ = {
			isa = XCBuildConfiguration;
			buildSettings = {
				ASSETCATALOG_COMPILER_APPICON_NAME = AppIcon;
				INFOPLIST_FILE = SlotMachine/Info.plist;
				LD_RUNPATH_SEARCH_PATHS = "$(inherited) @executable_path/Frameworks";
				PRODUCT_NAME = "$(TARGET_NAME)";
			};
			name = Release;
		};
		2EE290B61B0573AA003BCD3E /* Debug */ = {
			isa = XCBuildConfiguration;
			buildSettings = {
				BUNDLE_LOADER = "$(TEST_HOST)";
				FRAMEWORK_SEARCH_PATHS = (
					"$(SDKROOT)/Developer/Library/Frameworks",
					"$(inherited)",
				);
				GCC_PREPROCESSOR_DEFINITIONS = (
					"DEBUG=1",
					"$(inherited)",
				);
				INFOPLIST_FILE = SlotMachineTests/Info.plist;
				LD_RUNPATH_SEARCH_PATHS = "$(inherited) @executable_path/Frameworks @loader_path/Frameworks";
				PRODUCT_NAME = "$(TARGET_NAME)";
				TEST_HOST = "$(BUILT_PRODUCTS_DIR)/SlotMachine.app/SlotMachine";
			};
			name = Debug;
		};
		2EE290B71B0573AA003BCD3E /* Release */ = {
			isa = XCBuildConfiguration;
			buildSettings = {
				BUNDLE_LOADER = "$(TEST_HOST)";
				FRAMEWORK_SEARCH_PATHS = (
					"$(SDKROOT)/Developer/Library/Frameworks",
					"$(inherited)",
				);
				INFOPLIST_FILE = SlotMachineTests/Info.plist;
				LD_RUNPATH_SEARCH_PATHS = "$(inherited) @executable_path/Frameworks @loader_path/Frameworks";
				PRODUCT_NAME = "$(TARGET_NAME)";
				TEST_HOST = "$(BUILT_PRODUCTS_DIR)/SlotMachine.app/SlotMachine";
			};
			name = Release;
		};
/* End XCBuildConfiguration section */

/* Begin XCConfigurationList section */
		2EE2908E1B0573AA003BCD3E /* Build configuration list for PBXProject "SlotMachine" */ = {
			isa = XCConfigurationList;
			buildConfigurations = (
				2EE290B01B0573AA003BCD3E /* Debug */,
				2EE290B11B0573AA003BCD3E /* Release */,
			);
			defaultConfigurationIsVisible = 0;
			defaultConfigurationName = Release;
		};
		2EE290B21B0573AA003BCD3E /* Build configuration list for PBXNativeTarget "SlotMachine" */ = {
			isa = XCConfigurationList;
			buildConfigurations = (
				2EE290B31B0573AA003BCD3E /* Debug */,
				2EE290B41B0573AA003BCD3E /* Release */,
			);
			defaultConfigurationIsVisible = 0;
			defaultConfigurationName = Release;
		};
		2EE290B51B0573AA003BCD3E /* Build configuration list for PBXNativeTarget "SlotMachineTests" */ = {
			isa = XCConfigurationList;
			buildConfigurations = (
				2EE290B61B0573AA003BCD3E /* Debug */,
				2EE290B71B0573AA003BCD3E /* Release */,
			);
			defaultConfigurationIsVisible = 0;
			defaultConfigurationName = Release;
		};
/* End XCConfigurationList section */
	};
	rootObject = 2EE2908B1B0573AA003BCD3E /* Project object */;
}
